
Microsoft Visual Studio Solution File, Format Version 12.00
# Visual Studio Version 17
VisualStudioVersion = 17.0.31903.59
MinimumVisualStudioVersion = 10.0.40219.1
Project("{FAE04EC0-301F-11D3-BF4B-00C04F79EFBC}") = "Server", "Server\Server.csproj", "{A1D83D46-8B23-422F-A9B2-FEFAC098D52D}"
EndProject
Project("{FAE04EC0-301F-11D3-BF4B-00C04F79EFBC}") = "Client", "Client\Client.csproj", "{5B5AE916-1F44-41EE-B4D4-4AA54F238272}"
EndProject
Global
	GlobalSection(SolutionConfigurationPlatforms) = preSolution
		Debug|Any CPU = Debug|Any CPU
		Release|Any CPU = Release|Any CPU
	EndGlobalSection
	GlobalSection(SolutionProperties) = preSolution
		HideSolutionNode = FALSE
	EndGlobalSection
	GlobalSection(ProjectConfigurationPlatforms) = postSolution
		{A1D83D46-8B23-422F-A9B2-FEFAC098D52D}.Debug|Any CPU.ActiveCfg = Debug|Any CPU
		{A1D83D46-8B23-422F-A9B2-FEFAC098D52D}.Debug|Any CPU.Build.0 = Debug|Any CPU
		{A1D83D46-8B23-422F-A9B2-FEFAC098D52D}.Release|Any CPU.ActiveCfg = Release|Any CPU
		{A1D83D46-8B23-422F-A9B2-FEFAC098D52D}.Release|Any CPU.Build.0 = Release|Any CPU
		{5B5AE916-1F44-41EE-B4D4-4AA54F238272}.Debug|Any CPU.ActiveCfg = Debug|Any CPU
		{5B5AE916-1F44-41EE-B4D4-4AA54F238272}.Debug|Any CPU.Build.0 = Debug|Any CPU
		{5B5AE916-1F44-41EE-B4D4-4AA54F238272}.Release|Any CPU.ActiveCfg = Release|Any CPU
		{5B5AE916-1F44-41EE-B4D4-4AA54F238272}.Release|Any CPU.Build.0 = Release|Any CPU
	EndGlobalSection
EndGlobal
